
Microsoft Visual Studio Solution File, Format Version 12.00
# Visual Studio Version 16
VisualStudioVersion = 16.0.31729.503
MinimumVisualStudioVersion = 10.0.40219.1
Project("{FAE04EC0-301F-11D3-BF4B-00C04F79EFBC}") = "MCD_PersonelUygulamasi", "MCD_PersonelUygulamasi\MCD_PersonelUygulamasi.csproj", "{ABAECD95-2937-48B6-A4F0-30945D16F92A}"
EndProject
Global
	GlobalSection(SolutionConfigurationPlatforms) = preSolution
		Debug|Any CPU = Debug|Any CPU
		Release|Any CPU = Release|Any CPU
	EndGlobalSection
	GlobalSection(ProjectConfigurationPlatforms) = postSolution
		{ABAECD95-2937-48B6-A4F0-30945D16F92A}.Debug|Any CPU.ActiveCfg = Debug|Any CPU
		{ABAECD95-2937-48B6-A4F0-30945D16F92A}.Debug|Any CPU.Build.0 = Debug|Any CPU
		{ABAECD95-2937-48B6-A4F0-30945D16F92A}.Release|Any CPU.ActiveCfg = Release|Any CPU
		{ABAECD95-2937-48B6-A4F0-30945D16F92A}.Release|Any CPU.Build.0 = Release|Any CPU
	EndGlobalSection
	GlobalSection(SolutionProperties) = preSolution
		HideSolutionNode = FALSE
	EndGlobalSection
	GlobalSection(ExtensibilityGlobals) = postSolution
		SolutionGuid = {BC42B8ED-8714-46C5-BCDF-E383EE93D769}
	EndGlobalSection
EndGlobal
